
Microsoft Visual Studio Solution File, Format Version 12.00
# Visual Studio Version 16
VisualStudioVersion = 16.0.28803.352
MinimumVisualStudioVersion = 10.0.40219.1
Project("{FAE04EC0-301F-11D3-BF4B-00C04F79EFBC}") = "uso_cli", "uso_cli.csproj", "{9579F124-47F3-43C4-8AE8-A25103896BBD}"
EndProject
Project("{FAE04EC0-301F-11D3-BF4B-00C04F79EFBC}") = "UniversalOrganiserControls", "..\UniversalOrganiserControls\UniversalOrganiserControls\UniversalOrganiserControls.csproj", "{6C75343B-0C5F-4BB3-A82D-A5C0939537EC}"
EndProject
Project("{FAE04EC0-301F-11D3-BF4B-00C04F79EFBC}") = "OrganiserNetworking", "..\UnturnedServerOrganiser\OrganiserNetworking\OrganiserNetworking.csproj", "{EAD268AA-59BD-4CF7-8F4F-5033968162E3}"
EndProject
Project("{FAE04EC0-301F-11D3-BF4B-00C04F79EFBC}") = "UnturnedConsoleBridge", "..\UnturnedServerOrganiser\USOCommunicationModule\UnturnedConsoleBridge.csproj", "{46DC92FB-98E9-4FB9-8A85-FA3607E615D0}"
EndProject
Global
	GlobalSection(SolutionConfigurationPlatforms) = preSolution
		Debug|Any CPU = Debug|Any CPU
		Release|Any CPU = Release|Any CPU
	EndGlobalSection
	GlobalSection(ProjectConfigurationPlatforms) = postSolution
		{9579F124-47F3-43C4-8AE8-A25103896BBD}.Debug|Any CPU.ActiveCfg = Debug|Any CPU
		{9579F124-47F3-43C4-8AE8-A25103896BBD}.Debug|Any CPU.Build.0 = Debug|Any CPU
		{9579F124-47F3-43C4-8AE8-A25103896BBD}.Release|Any CPU.ActiveCfg = Release|Any CPU
		{9579F124-47F3-43C4-8AE8-A25103896BBD}.Release|Any CPU.Build.0 = Release|Any CPU
		{6C75343B-0C5F-4BB3-A82D-A5C0939537EC}.Debug|Any CPU.ActiveCfg = Debug|Any CPU
		{6C75343B-0C5F-4BB3-A82D-A5C0939537EC}.Debug|Any CPU.Build.0 = Debug|Any CPU
		{6C75343B-0C5F-4BB3-A82D-A5C0939537EC}.Release|Any CPU.ActiveCfg = Release|Any CPU
		{6C75343B-0C5F-4BB3-A82D-A5C0939537EC}.Release|Any CPU.Build.0 = Release|Any CPU
		{EAD268AA-59BD-4CF7-8F4F-5033968162E3}.Debug|Any CPU.ActiveCfg = Debug|Any CPU
		{EAD268AA-59BD-4CF7-8F4F-5033968162E3}.Debug|Any CPU.Build.0 = Debug|Any CPU
		{EAD268AA-59BD-4CF7-8F4F-5033968162E3}.Release|Any CPU.ActiveCfg = Release|Any CPU
		{EAD268AA-59BD-4CF7-8F4F-5033968162E3}.Release|Any CPU.Build.0 = Release|Any CPU
		{46DC92FB-98E9-4FB9-8A85-FA3607E615D0}.Debug|Any CPU.ActiveCfg = Debug|Any CPU
		{46DC92FB-98E9-4FB9-8A85-FA3607E615D0}.Debug|Any CPU.Build.0 = Debug|Any CPU
		{46DC92FB-98E9-4FB9-8A85-FA3607E615D0}.Release|Any CPU.ActiveCfg = Release|Any CPU
		{46DC92FB-98E9-4FB9-8A85-FA3607E615D0}.Release|Any CPU.Build.0 = Release|Any CPU
	EndGlobalSection
	GlobalSection(SolutionProperties) = preSolution
		HideSolutionNode = FALSE
	EndGlobalSection
	GlobalSection(ExtensibilityGlobals) = postSolution
		SolutionGuid = {2F5CA67F-F035-41BC-8D4A-35A2ECA3EF7C}
	EndGlobalSection
EndGlobal
